
Microsoft Visual Studio Solution File, Format Version 12.00
# Visual Studio Version 17
VisualStudioVersion = 17.13.35931.197 d17.13
MinimumVisualStudioVersion = 10.0.40219.1
Project("{FAE04EC0-301F-11D3-BF4B-00C04F79EFBC}") = "labop4", "labop4\labop4.csproj", "{F5B64804-CC70-4499-AA16-2F707B1EAD7C}"
EndProject
Global
	GlobalSection(SolutionConfigurationPlatforms) = preSolution
		Debug|Any CPU = Debug|Any CPU
		Release|Any CPU = Release|Any CPU
	EndGlobalSection
	GlobalSection(ProjectConfigurationPlatforms) = postSolution
		{F5B64804-CC70-4499-AA16-2F707B1EAD7C}.Debug|Any CPU.ActiveCfg = Debug|Any CPU
		{F5B64804-CC70-4499-AA16-2F707B1EAD7C}.Debug|Any CPU.Build.0 = Debug|Any CPU
		{F5B64804-CC70-4499-AA16-2F707B1EAD7C}.Release|Any CPU.ActiveCfg = Release|Any CPU
		{F5B64804-CC70-4499-AA16-2F707B1EAD7C}.Release|Any CPU.Build.0 = Release|Any CPU
	EndGlobalSection
	GlobalSection(SolutionProperties) = preSolution
		HideSolutionNode = FALSE
	EndGlobalSection
	GlobalSection(ExtensibilityGlobals) = postSolution
		SolutionGuid = {7A31DC02-9476-4450-BEAE-3CC7267A83BD}
	EndGlobalSection
EndGlobal
